
Microsoft Visual Studio Solution File, Format Version 12.00
# Visual Studio 15
Project("{FAE04EC0-301F-11D3-BF4B-00C04F79EFBC}") = "Assembly-CSharp", "Assembly-CSharp.csproj", "{32BB6E62-5611-2F10-B5A8-1EADAA273492}"
EndProject
Project("{FAE04EC0-301F-11D3-BF4B-00C04F79EFBC}") = "Assembly-CSharp-firstpass", "Assembly-CSharp-firstpass.csproj", "{4AAF69C1-D351-1A1E-E9B1-7E54E4684735}"
EndProject
Project("{FAE04EC0-301F-11D3-BF4B-00C04F79EFBC}") = "Assembly-CSharp-Editor-firstpass", "Assembly-CSharp-Editor-firstpass.csproj", "{CCAC1FA3-5959-2E4D-30C0-6EF261F5416A}"
EndProject
Project("{FAE04EC0-301F-11D3-BF4B-00C04F79EFBC}") = "Assembly-CSharp-Editor", "Assembly-CSharp-Editor.csproj", "{3FE6C241-DE89-4AA3-F94E-68DA1E2F71EA}"
EndProject
Global
	GlobalSection(SolutionConfigurationPlatforms) = preSolution
		Debug|Any CPU = Debug|Any CPU
		Release|Any CPU = Release|Any CPU
	EndGlobalSection
	GlobalSection(ProjectConfigurationPlatforms) = postSolution
		{32BB6E62-5611-2F10-B5A8-1EADAA273492}.Debug|Any CPU.ActiveCfg = Debug|Any CPU
		{32BB6E62-5611-2F10-B5A8-1EADAA273492}.Debug|Any CPU.Build.0 = Debug|Any CPU
		{32BB6E62-5611-2F10-B5A8-1EADAA273492}.Release|Any CPU.ActiveCfg = Release|Any CPU
		{32BB6E62-5611-2F10-B5A8-1EADAA273492}.Release|Any CPU.Build.0 = Release|Any CPU
		{4AAF69C1-D351-1A1E-E9B1-7E54E4684735}.Debug|Any CPU.ActiveCfg = Debug|Any CPU
		{4AAF69C1-D351-1A1E-E9B1-7E54E4684735}.Debug|Any CPU.Build.0 = Debug|Any CPU
		{4AAF69C1-D351-1A1E-E9B1-7E54E4684735}.Release|Any CPU.ActiveCfg = Release|Any CPU
		{4AAF69C1-D351-1A1E-E9B1-7E54E4684735}.Release|Any CPU.Build.0 = Release|Any CPU
		{CCAC1FA3-5959-2E4D-30C0-6EF261F5416A}.Debug|Any CPU.ActiveCfg = Debug|Any CPU
		{CCAC1FA3-5959-2E4D-30C0-6EF261F5416A}.Debug|Any CPU.Build.0 = Debug|Any CPU
		{CCAC1FA3-5959-2E4D-30C0-6EF261F5416A}.Release|Any CPU.ActiveCfg = Release|Any CPU
		{CCAC1FA3-5959-2E4D-30C0-6EF261F5416A}.Release|Any CPU.Build.0 = Release|Any CPU
		{3FE6C241-DE89-4AA3-F94E-68DA1E2F71EA}.Debug|Any CPU.ActiveCfg = Debug|Any CPU
		{3FE6C241-DE89-4AA3-F94E-68DA1E2F71EA}.Debug|Any CPU.Build.0 = Debug|Any CPU
		{3FE6C241-DE89-4AA3-F94E-68DA1E2F71EA}.Release|Any CPU.ActiveCfg = Release|Any CPU
		{3FE6C241-DE89-4AA3-F94E-68DA1E2F71EA}.Release|Any CPU.Build.0 = Release|Any CPU
	EndGlobalSection
	GlobalSection(SolutionProperties) = preSolution
		HideSolutionNode = FALSE
	EndGlobalSection
EndGlobal
